
Microsoft Visual Studio Solution File, Format Version 12.00
# Visual Studio Version 17
VisualStudioVersion = 17.5.002.0
MinimumVisualStudioVersion = 10.0.40219.1
Project("{9A19103F-16F7-4668-BE54-9A1E7A4F7556}") = "c#-logger", "c#-logger.csproj", "{14E6827F-EBED-4F6A-9DB6-6888936C7687}"
EndProject
Global
	GlobalSection(SolutionConfigurationPlatforms) = preSolution
		Debug|Any CPU = Debug|Any CPU
		Release|Any CPU = Release|Any CPU
	EndGlobalSection
	GlobalSection(ProjectConfigurationPlatforms) = postSolution
		{14E6827F-EBED-4F6A-9DB6-6888936C7687}.Debug|Any CPU.ActiveCfg = Debug|Any CPU
		{14E6827F-EBED-4F6A-9DB6-6888936C7687}.Debug|Any CPU.Build.0 = Debug|Any CPU
		{14E6827F-EBED-4F6A-9DB6-6888936C7687}.Release|Any CPU.ActiveCfg = Release|Any CPU
		{14E6827F-EBED-4F6A-9DB6-6888936C7687}.Release|Any CPU.Build.0 = Release|Any CPU
	EndGlobalSection
	GlobalSection(SolutionProperties) = preSolution
		HideSolutionNode = FALSE
	EndGlobalSection
	GlobalSection(ExtensibilityGlobals) = postSolution
		SolutionGuid = {F5FE45E6-D696-411D-94FD-AF9A53BDF62E}
	EndGlobalSection
EndGlobal
